{
  "name": "rvw_autobahn_core",
  "lockfileVersion": 3,
  "requires": true,
  "packages": {
    "": {
      "dependencies": {
        "@babel/polyfill": "^7.10.4",
        "focus-visible": "^5.2.0",
        "imagesloaded": "^4.1.4",
        "jquery-hoverintent": "^1.10.1",
        "jquery-zoom": "^1.7.21",
        "jquery.scrollintoview": "^1.9.4",
        "popper.js": "^1.16.1",
        "tiny-slider": "https://github.com/redvanworkshop/tiny-slider.git",
        "tooltip.js": "^1.3.3",
        "video.js": "7.8.4"
      },
      "engines": {
        "node": ">=4.0"
      }
    },
    "../storefront-reference-architecture/node_modules/jquery": {
      "version": "3.7.1",
      "extraneous": true,
      "license": "MIT",
      "devDependencies": {
        "@babel/core": "7.3.3",
        "@babel/plugin-transform-for-of": "7.2.0",
        "bootstrap": "5.3.0",
        "colors": "1.4.0",
        "commitplease": "3.2.0",
        "core-js": "2.6.5",
        "eslint-config-jquery": "3.0.0",
        "grunt": "1.5.3",
        "grunt-babel": "8.0.0",
        "grunt-cli": "1.4.3",
        "grunt-compare-size": "0.4.2",
        "grunt-contrib-uglify": "3.4.0",
        "grunt-contrib-watch": "1.1.0",
        "grunt-eslint": "22.0.0",
        "grunt-git-authors": "3.2.0",
        "grunt-jsonlint": "2.1.2",
        "grunt-karma": "4.0.2",
        "grunt-newer": "1.3.0",
        "grunt-npmcopy": "0.2.0",
        "gzip-js": "0.3.2",
        "husky": "4.2.5",
        "jsdom": "19.0.0",
        "karma": "6.4.1",
        "karma-browserstack-launcher": "1.6.0",
        "karma-chrome-launcher": "3.1.1",
        "karma-firefox-launcher": "2.1.2",
        "karma-ie-launcher": "1.0.0",
        "karma-jsdom-launcher": "12.0.0",
        "karma-qunit": "4.1.2",
        "karma-webkit-launcher": "2.1.0",
        "load-grunt-tasks": "5.1.0",
        "native-promise-only": "0.8.1",
        "playwright-webkit": "1.30.0",
        "promises-aplus-tests": "2.1.2",
        "q": "1.5.1",
        "qunit": "2.9.2",
        "raw-body": "2.3.3",
        "requirejs": "2.3.6",
        "sinon": "2.3.7",
        "strip-json-comments": "2.0.1",
        "testswarm": "1.1.2",
        "uglify-js": "3.4.7"
      }
    },
    "node_modules/@babel/polyfill": {
      "version": "7.12.1",
      "resolved": "https://registry.npmjs.org/@babel/polyfill/-/polyfill-7.12.1.tgz",
      "integrity": "sha512-X0pi0V6gxLi6lFZpGmeNa4zxtwEmCs42isWLNjZZDE0Y8yVfgu0T2OAHlzBbdYlqbW/YXVvoBHpATEM+goCj8g==",
      "deprecated": "🚨 This package has been deprecated in favor of separate inclusion of a polyfill and regenerator-runtime (when needed). See the @babel/polyfill docs (https://babeljs.io/docs/en/babel-polyfill) for more information.",
      "dependencies": {
        "core-js": "^2.6.5",
        "regenerator-runtime": "^0.13.4"
      }
    },
    "node_modules/@babel/runtime": {
      "version": "7.18.3",
      "resolved": "https://registry.npmjs.org/@babel/runtime/-/runtime-7.18.3.tgz",
      "integrity": "sha512-38Y8f7YUhce/K7RMwTp7m0uCumpv9hZkitCbBClqQIow1qSbCvGkcegKOXpEWCQLfWmevgRiWokZ1GkpfhbZug==",
      "dependencies": {
        "regenerator-runtime": "^0.13.4"
      },
      "engines": {
        "node": ">=6.9.0"
      }
    },
    "node_modules/@videojs/http-streaming": {
      "version": "1.13.2",
      "resolved": "https://registry.npmjs.org/@videojs/http-streaming/-/http-streaming-1.13.2.tgz",
      "integrity": "sha512-U4Xhh+HxGpRBx9Gm0LlEadq85k9BwckzFgZmyhacauhK/27Mz0goKKFAt+BpxBNp2oHVdAdk8NHfneinsqni3Q==",
      "dependencies": {
        "aes-decrypter": "3.0.0",
        "global": "^4.3.0",
        "m3u8-parser": "4.4.0",
        "mpd-parser": "0.10.0",
        "mux.js": "5.5.1",
        "url-toolkit": "^2.1.3",
        "video.js": "^6.8.0 || ^7.0.0"
      }
    },
    "node_modules/@videojs/vhs-utils": {
      "version": "1.3.0",
      "resolved": "https://registry.npmjs.org/@videojs/vhs-utils/-/vhs-utils-1.3.0.tgz",
      "integrity": "sha512-oiqXDtHQqDPun7JseWkirUHGrgdYdeF12goUut5z7vwAj4DmUufEPFJ4xK5hYGXGFDyDhk2rSFOR122Ze6qXyQ==",
      "dependencies": {
        "@babel/runtime": "^7.5.5",
        "global": "^4.3.2",
        "url-toolkit": "^2.1.6"
      },
      "engines": {
        "node": ">=8",
        "npm": ">=5"
      }
    },
    "node_modules/@videojs/xhr": {
      "version": "2.5.1",
      "resolved": "https://registry.npmjs.org/@videojs/xhr/-/xhr-2.5.1.tgz",
      "integrity": "sha512-wV9nGESHseSK+S9ePEru2+OJZ1jq/ZbbzniGQ4weAmTIepuBMSYPx5zrxxQA0E786T5ykpO8ts+LayV+3/oI2w==",
      "dependencies": {
        "@babel/runtime": "^7.5.5",
        "global": "~4.4.0",
        "is-function": "^1.0.1"
      }
    },
    "node_modules/@videojs/xhr/node_modules/global": {
      "version": "4.4.0",
      "resolved": "https://registry.npmjs.org/global/-/global-4.4.0.tgz",
      "integrity": "sha512-wv/LAoHdRE3BeTGz53FAamhGlPLhlssK45usmGFThIi4XqnBmjKQ16u+RNbP7WvigRZDxUsM0J3gcQ5yicaL0w==",
      "dependencies": {
        "min-document": "^2.19.0",
        "process": "^0.11.10"
      }
    },
    "node_modules/@videojs/xhr/node_modules/process": {
      "version": "0.11.10",
      "resolved": "https://registry.npmjs.org/process/-/process-0.11.10.tgz",
      "integrity": "sha512-cdGef/drWFoydD1JsMzuFf8100nZl+GT+yacc2bEced5f9Rjk4z+WtFUTBu9PhOi9j/jfmBPu0mMEY4wIdAF8A==",
      "engines": {
        "node": ">= 0.6.0"
      }
    },
    "node_modules/aes-decrypter": {
      "version": "3.0.0",
      "resolved": "https://registry.npmjs.org/aes-decrypter/-/aes-decrypter-3.0.0.tgz",
      "integrity": "sha512-irJXaWFepN2+DTLSbwLb4BKPWoUCgMluPTMcLxocHGKwLh1OuJ+5KwImKUkwvVYc2lWemlOHIuObcALWywGxRQ==",
      "dependencies": {
        "commander": "^2.9.0",
        "global": "^4.3.2",
        "pkcs7": "^1.0.2"
      }
    },
    "node_modules/commander": {
      "version": "2.20.3",
      "license": "MIT"
    },
    "node_modules/core-js": {
      "version": "2.6.12",
      "resolved": "https://registry.npmjs.org/core-js/-/core-js-2.6.12.tgz",
      "integrity": "sha512-Kb2wC0fvsWfQrgk8HU5lW6U/Lcs8+9aaYcy4ZFc6DDlo4nZ7n70dEgE5rtR0oG6ufKDUnrwfWL1mXR5ljDatrQ==",
      "deprecated": "core-js@<3.23.3 is no longer maintained and not recommended for usage due to the number of issues. Because of the V8 engine whims, feature detection in old core-js versions could cause a slowdown up to 100x even if nothing is polyfilled. Some versions have web compatibility issues. Please, upgrade your dependencies to the actual version of core-js.",
      "hasInstallScript": true
    },
    "node_modules/dom-walk": {
      "version": "0.1.2",
      "resolved": "https://registry.npmjs.org/dom-walk/-/dom-walk-0.1.2.tgz",
      "integrity": "sha512-6QvTW9mrGeIegrFXdtQi9pk7O/nSK6lSdXW2eqUspN5LWD7UTji2Fqw5V2YLjBpHEoU9Xl/eUWNpDeZvoyOv2w=="
    },
    "node_modules/ev-emitter": {
      "version": "1.1.1",
      "license": "MIT"
    },
    "node_modules/focus-visible": {
      "version": "5.2.0",
      "license": "W3C"
    },
    "node_modules/global": {
      "version": "4.3.2",
      "resolved": "https://registry.npmjs.org/global/-/global-4.3.2.tgz",
      "integrity": "sha512-/4AybdwIDU4HkCUbJkZdWpe4P6vuw/CUtu+0I1YlLIPe7OlUO7KNJ+q/rO70CW2/NW6Jc6I62++Hzsf5Alu6rQ==",
      "dependencies": {
        "min-document": "^2.19.0",
        "process": "~0.5.1"
      }
    },
    "node_modules/imagesloaded": {
      "version": "4.1.4",
      "resolved": "https://registry.npmjs.org/imagesloaded/-/imagesloaded-4.1.4.tgz",
      "integrity": "sha512-ltiBVcYpc/TYTF5nolkMNsnREHW+ICvfQ3Yla2Sgr71YFwQ86bDwV9hgpFhFtrGPuwEx5+LqOHIrdXBdoWwwsA==",
      "dependencies": {
        "ev-emitter": "^1.0.0"
      }
    },
    "node_modules/individual": {
      "version": "2.0.0",
      "resolved": "https://registry.npmjs.org/individual/-/individual-2.0.0.tgz",
      "integrity": "sha1-gzsJfa0jKU52EXqY+zjg2a1hu5c="
    },
    "node_modules/is-function": {
      "version": "1.0.2",
      "license": "MIT"
    },
    "node_modules/jquery-hoverintent": {
      "version": "1.10.1",
      "resolved": "https://registry.npmjs.org/jquery-hoverintent/-/jquery-hoverintent-1.10.1.tgz",
      "integrity": "sha512-PNZAVnNcuIB5MDmZPWK7H2lQINRJ4Z8+EGLseIZd/gnd5Q9W3dBOKv0vKG7WPFxG2/Na1YX0/soeufucO6bCJQ==",
      "dependencies": {
        "jquery": ">=1.7.0"
      },
      "peerDependencies": {
        "jquery": ">=1.7.0"
      }
    },
    "node_modules/jquery-hoverintent/node_modules/jquery": {
      "version": "3.7.1",
      "resolved": "https://registry.npmjs.org/jquery/-/jquery-3.7.1.tgz",
      "integrity": "sha512-m4avr8yL8kmFN8psrbFFFmB/If14iN5o9nw/NgnnM+kybDJpRsAynV2BsfpTYrTRysYUdADVD7CkUUizgkpLfg=="
    },
    "node_modules/jquery-zoom": {
      "version": "1.7.21",
      "resolved": "https://registry.npmjs.org/jquery-zoom/-/jquery-zoom-1.7.21.tgz",
      "integrity": "sha512-C3aDEt0c4TkPrOPqIs5VAOwBMgitf1I7jEakO15G3QfxdVEivBvUlkiCjfcGQM+FyXdvshpbiEJKDbEdPz2/pw==",
      "dependencies": {
        "jquery": ">=1.7"
      }
    },
    "node_modules/jquery-zoom/node_modules/jquery": {
      "version": "3.7.1",
      "resolved": "https://registry.npmjs.org/jquery/-/jquery-3.7.1.tgz",
      "integrity": "sha512-m4avr8yL8kmFN8psrbFFFmB/If14iN5o9nw/NgnnM+kybDJpRsAynV2BsfpTYrTRysYUdADVD7CkUUizgkpLfg=="
    },
    "node_modules/jquery.scrollintoview": {
      "version": "1.9.4",
      "resolved": "https://registry.npmjs.org/jquery.scrollintoview/-/jquery.scrollintoview-1.9.4.tgz",
      "integrity": "sha1-tLiOHeNuvfkubCox2eU3pCW/sk4=",
      "dependencies": {
        "jquery": ">=1.4"
      }
    },
    "node_modules/jquery.scrollintoview/node_modules/jquery": {
      "version": "3.7.1",
      "resolved": "https://registry.npmjs.org/jquery/-/jquery-3.7.1.tgz",
      "integrity": "sha512-m4avr8yL8kmFN8psrbFFFmB/If14iN5o9nw/NgnnM+kybDJpRsAynV2BsfpTYrTRysYUdADVD7CkUUizgkpLfg=="
    },
    "node_modules/keycode": {
      "version": "2.2.1",
      "resolved": "https://registry.npmjs.org/keycode/-/keycode-2.2.1.tgz",
      "integrity": "sha512-Rdgz9Hl9Iv4QKi8b0OlCRQEzp4AgVxyCtz5S/+VIHezDmrDhkp2N2TqBWOLz0/gbeREXOOiI9/4b8BY9uw2vFg=="
    },
    "node_modules/m3u8-parser": {
      "version": "4.4.0",
      "resolved": "https://registry.npmjs.org/m3u8-parser/-/m3u8-parser-4.4.0.tgz",
      "integrity": "sha512-iH2AygTFILtato+XAgnoPYzLHM4R3DjATj7Ozbk7EHdB2XoLF2oyOUguM7Kc4UVHbQHHL/QPaw98r7PbWzG0gg==",
      "dependencies": {
        "global": "^4.3.2"
      }
    },
    "node_modules/min-document": {
      "version": "2.19.0",
      "resolved": "https://registry.npmjs.org/min-document/-/min-document-2.19.0.tgz",
      "integrity": "sha1-e9KC4/WELtKVu3SM3Z8f+iyCRoU=",
      "dependencies": {
        "dom-walk": "^0.1.0"
      }
    },
    "node_modules/mpd-parser": {
      "version": "0.10.0",
      "resolved": "https://registry.npmjs.org/mpd-parser/-/mpd-parser-0.10.0.tgz",
      "integrity": "sha512-eIqkH/2osPr7tIIjhRmDWqm2wdJ7Q8oPfWvdjealzsLV2D2oNe0a0ae2gyYYs1sw5e5hdssDA2V6Sz8MW+Uvvw==",
      "dependencies": {
        "@babel/runtime": "^7.5.5",
        "@videojs/vhs-utils": "^1.1.0",
        "global": "^4.3.2",
        "xmldom": "^0.1.27"
      }
    },
    "node_modules/mux.js": {
      "version": "5.5.1",
      "license": "Apache-2.0"
    },
    "node_modules/pkcs7": {
      "version": "1.0.4",
      "resolved": "https://registry.npmjs.org/pkcs7/-/pkcs7-1.0.4.tgz",
      "integrity": "sha512-afRERtHn54AlwaF2/+LFszyAANTCggGilmcmILUzEjvs3XgFZT+xE6+QWQcAGmu4xajy+Xtj7acLOPdx5/eXWQ==",
      "dependencies": {
        "@babel/runtime": "^7.5.5"
      },
      "bin": {
        "pkcs7": "bin/cli.js"
      }
    },
    "node_modules/popper.js": {
      "version": "1.16.1",
      "resolved": "https://registry.npmjs.org/popper.js/-/popper.js-1.16.1.tgz",
      "integrity": "sha512-Wb4p1J4zyFTbM+u6WuO4XstYx4Ky9Cewe4DWrel7B0w6VVICvPwdOpotjzcf6eD8TsckVnIMNONQyPIUFOUbCQ==",
      "deprecated": "You can find the new Popper v2 at @popperjs/core, this package is dedicated to the legacy v1",
      "funding": {
        "type": "opencollective",
        "url": "https://opencollective.com/popperjs"
      }
    },
    "node_modules/process": {
      "version": "0.5.2",
      "resolved": "https://registry.npmjs.org/process/-/process-0.5.2.tgz",
      "integrity": "sha512-oNpcutj+nYX2FjdEW7PGltWhXulAnFlM0My/k48L90hARCOJtvBbQXc/6itV2jDvU5xAAtonP+r6wmQgCcbAUA==",
      "engines": {
        "node": ">= 0.6.0"
      }
    },
    "node_modules/regenerator-runtime": {
      "version": "0.13.9",
      "license": "MIT"
    },
    "node_modules/rust-result": {
      "version": "1.0.0",
      "resolved": "https://registry.npmjs.org/rust-result/-/rust-result-1.0.0.tgz",
      "integrity": "sha1-NMdbLm3Dn+WHXlveyFteD5FTb3I=",
      "dependencies": {
        "individual": "^2.0.0"
      }
    },
    "node_modules/safe-json-parse": {
      "version": "4.0.0",
      "resolved": "https://registry.npmjs.org/safe-json-parse/-/safe-json-parse-4.0.0.tgz",
      "integrity": "sha1-fA9XjPzNEtM6ccDgVBPi7KFx6qw=",
      "dependencies": {
        "rust-result": "^1.0.0"
      }
    },
    "node_modules/storefront-reference-architecture/node_modules/jquery": {
      "extraneous": true
    },
    "node_modules/tiny-slider": {
      "version": "2.9.3",
      "resolved": "git+ssh://git@github.com/redvanworkshop/tiny-slider.git#10919a2e5939a2f3d7de23df9987daf6fc79401f",
      "integrity": "sha512-JOk1x7ymgVuHmFFCfPbI+nLfM7KTXj8k6DNbwj6IIYDhgQCJPkxxGr3chvKutWUWW+q47xnpHPXvPF78zatrQg==",
      "license": "MIT"
    },
    "node_modules/tooltip.js": {
      "version": "1.3.3",
      "resolved": "https://registry.npmjs.org/tooltip.js/-/tooltip.js-1.3.3.tgz",
      "integrity": "sha512-XWWuy/dBdF/F/YpRE955yqBZ4VdLfiTAUdOqoU+wJm6phJlMpEzl/iYHZ+qJswbeT9VG822bNfsETF9wzmoy5A==",
      "deprecated": "Tooltip.js is not supported anymore, please migrate to tippy.js",
      "dependencies": {
        "popper.js": "^1.0.2"
      }
    },
    "node_modules/url-toolkit": {
      "version": "2.2.5",
      "license": "Apache-2.0"
    },
    "node_modules/video.js": {
      "version": "7.8.4",
      "resolved": "https://registry.npmjs.org/video.js/-/video.js-7.8.4.tgz",
      "integrity": "sha512-XTWWrhfdrk7nTBkqhWKslfXMpUhsDRsZ2L3ISxjuAgadpiomxFV/OARchtwxO+FdnxTm4njJstPmXbVe3F765g==",
      "dependencies": {
        "@babel/runtime": "^7.9.2",
        "@videojs/http-streaming": "1.13.2",
        "@videojs/xhr": "2.5.1",
        "global": "4.3.2",
        "keycode": "^2.2.0",
        "safe-json-parse": "4.0.0",
        "videojs-font": "3.2.0",
        "videojs-vtt.js": "^0.15.2"
      }
    },
    "node_modules/videojs-font": {
      "version": "3.2.0",
      "license": "Apache-2.0"
    },
    "node_modules/videojs-vtt.js": {
      "version": "0.15.3",
      "resolved": "https://registry.npmjs.org/videojs-vtt.js/-/videojs-vtt.js-0.15.3.tgz",
      "integrity": "sha512-5FvVsICuMRx6Hd7H/Y9s9GDeEtYcXQWzGMS+sl4UX3t/zoHp3y+isSfIPRochnTH7h+Bh1ILyC639xy9Z6kPag==",
      "dependencies": {
        "global": "^4.3.1"
      }
    },
    "node_modules/xmldom": {
      "version": "0.1.31",
      "resolved": "https://registry.npmjs.org/xmldom/-/xmldom-0.1.31.tgz",
      "integrity": "sha512-yS2uJflVQs6n+CyjHoaBmVSqIDevTAWrzMmjG1Gc7h1qQ7uVozNhEPJAwZXWyGQ/Gafo3fCwrcaokezLPupVyQ==",
      "deprecated": "Deprecated due to CVE-2021-21366 resolved in 0.5.0",
      "engines": {
        "node": ">=0.1"
      }
    }
  }
}
